
Microsoft Visual Studio Solution File, Format Version 12.00
# Visual Studio Version 16
VisualStudioVersion = 16.0.30503.244
MinimumVisualStudioVersion = 10.0.40219.1
Project("{9A19103F-16F7-4668-BE54-9A1E7A4F7556}") = "Producer", "Producer\Producer.csproj", "{C0C580E5-A411-4F98-8D30-6C8049F5A8D4}"
EndProject
Project("{9A19103F-16F7-4668-BE54-9A1E7A4F7556}") = "Consumer", "Consumer\Consumer.csproj", "{EE193084-7F0B-45A7-8558-38C17ACCF1C2}"
EndProject
Project("{2150E333-8FDC-42A3-9474-1A3956D46DE8}") = "Domain", "Domain", "{54ECDE04-1744-4069-9443-BDBFB93D4B62}"
EndProject
Project("{2150E333-8FDC-42A3-9474-1A3956D46DE8}") = "Infra.Bus", "Infra.Bus", "{F91A9FE5-014E-430A-9B3C-BC4206B3EBE7}"
EndProject
Project("{2150E333-8FDC-42A3-9474-1A3956D46DE8}") = "Microservices", "Microservices", "{7CF4A6D0-024F-4481-9AFE-47A0A63D0C8B}"
EndProject
Project("{2150E333-8FDC-42A3-9474-1A3956D46DE8}") = "Presentation", "Presentation", "{A4FDD541-B280-4EDC-ADA1-FEF010F4F599}"
EndProject
Project("{2150E333-8FDC-42A3-9474-1A3956D46DE8}") = "Infra.IoC", "Infra.IoC", "{16A1A3C2-C8E9-4CDD-B4DB-D518E4C54D56}"
EndProject
Project("{9A19103F-16F7-4668-BE54-9A1E7A4F7556}") = "MicroRabbit.Domain.Core", "MicroRabbit.Domain.Core\MicroRabbit.Domain.Core.csproj", "{5EE36FEF-E906-418A-8078-E833E4E6C6BE}"
EndProject
Project("{9A19103F-16F7-4668-BE54-9A1E7A4F7556}") = "MicroRabbit.Infra.Bus", "MicroRabbit.Infra.Bus\MicroRabbit.Infra.Bus.csproj", "{8FC3AF37-3DD2-4A76-9F23-DE48A98C5E69}"
EndProject
Project("{9A19103F-16F7-4668-BE54-9A1E7A4F7556}") = "MicroRabbit.Infra.IoC", "MicroRabbit.Infra.IoC\MicroRabbit.Infra.IoC.csproj", "{7F24AC1B-6512-4D40-BD0B-AC05196630D4}"
EndProject
Project("{2150E333-8FDC-42A3-9474-1A3956D46DE8}") = "Banking", "Banking", "{2851E57B-A301-49A8-BC5F-819F3FCA3DE3}"
EndProject
Project("{2150E333-8FDC-42A3-9474-1A3956D46DE8}") = "Api", "Api", "{A9571E2F-FEA9-41C5-A988-CA63B84819D8}"
EndProject
Project("{2150E333-8FDC-42A3-9474-1A3956D46DE8}") = "Domain", "Domain", "{0FA9DF66-01ED-4389-93DE-0451E9E6B319}"
EndProject
Project("{2150E333-8FDC-42A3-9474-1A3956D46DE8}") = "Application", "Application", "{FFE57CE1-F9F4-4430-879A-234D73595DFB}"
EndProject
Project("{2150E333-8FDC-42A3-9474-1A3956D46DE8}") = "Data", "Data", "{74FA4D79-9E01-491E-ACF7-9ED1021568B5}"
EndProject
Project("{9A19103F-16F7-4668-BE54-9A1E7A4F7556}") = "MicroRabbit.Banking.Api", "MicroRabbit.Banking.Api\MicroRabbit.Banking.Api.csproj", "{BE04A420-5664-4A86-B11C-067D9F9FDFBA}"
EndProject
Project("{9A19103F-16F7-4668-BE54-9A1E7A4F7556}") = "MicroRabbit.Banking.Application", "MicroRabbit.Banking.Application\MicroRabbit.Banking.Application.csproj", "{1039A1C7-CA97-4657-A19E-2CD83F411891}"
EndProject
Project("{9A19103F-16F7-4668-BE54-9A1E7A4F7556}") = "MicroRabbit.Banking.Data", "MicroRabbit.Banking.Data\MicroRabbit.Banking.Data.csproj", "{59FA63AB-C98A-4E67-8AF1-A96D88DC0AEB}"
EndProject
Project("{9A19103F-16F7-4668-BE54-9A1E7A4F7556}") = "MicroRabbit.Banking.Domain", "MicroRabbit.Banking.Domain\MicroRabbit.Banking.Domain.csproj", "{DE8DBEB4-D0A1-4D65-B29C-2810BABD2F0B}"
EndProject
Project("{2150E333-8FDC-42A3-9474-1A3956D46DE8}") = "Transfer", "Transfer", "{75789570-B23D-4AEB-BFC4-0A90F46A0F5E}"
EndProject
Project("{2150E333-8FDC-42A3-9474-1A3956D46DE8}") = "Api", "Api", "{2E15AA63-8E31-4B75-A3C4-88930C0FD412}"
EndProject
Project("{2150E333-8FDC-42A3-9474-1A3956D46DE8}") = "Application", "Application", "{819C761C-F0A1-4967-AC0F-CB100D95521C}"
EndProject
Project("{2150E333-8FDC-42A3-9474-1A3956D46DE8}") = "Data", "Data", "{194F38C9-D1CD-4DCD-A75D-065F0AF0523F}"
EndProject
Project("{2150E333-8FDC-42A3-9474-1A3956D46DE8}") = "domain", "domain", "{054E0A08-9C6D-4915-8206-263B860E73E8}"
EndProject
Project("{FAE04EC0-301F-11D3-BF4B-00C04F79EFBC}") = "MicroRabbit.Transfer.Api", "MicroRabbit.Transfer.Api\MicroRabbit.Transfer.Api.csproj", "{FA7D9ED6-D09F-469D-8E5E-DC53DDA25869}"
EndProject
Project("{FAE04EC0-301F-11D3-BF4B-00C04F79EFBC}") = "MicroRabbit.Transfer.Application", "MicroRabbit.Transfer.Application\MicroRabbit.Transfer.Application.csproj", "{BE372A20-E78C-4201-B7A6-709882270AE8}"
EndProject
Project("{FAE04EC0-301F-11D3-BF4B-00C04F79EFBC}") = "MicroRabbit.Tranfer.Domain", "MicroRabbit.Tranfer.Domain\MicroRabbit.Tranfer.Domain.csproj", "{8D9FCC23-3EF9-4266-905F-A55CC9C62394}"
EndProject
Project("{FAE04EC0-301F-11D3-BF4B-00C04F79EFBC}") = "MicroRabbit.Transfer.Data", "MicroRabbit.Transfer.Data\MicroRabbit.Transfer.Data.csproj", "{D8AFAF22-2FE6-48BB-9E4E-8AE371D38BBB}"
EndProject
Global
	GlobalSection(SolutionConfigurationPlatforms) = preSolution
		Debug|Any CPU = Debug|Any CPU
		Release|Any CPU = Release|Any CPU
	EndGlobalSection
	GlobalSection(ProjectConfigurationPlatforms) = postSolution
		{C0C580E5-A411-4F98-8D30-6C8049F5A8D4}.Debug|Any CPU.ActiveCfg = Debug|Any CPU
		{C0C580E5-A411-4F98-8D30-6C8049F5A8D4}.Debug|Any CPU.Build.0 = Debug|Any CPU
		{C0C580E5-A411-4F98-8D30-6C8049F5A8D4}.Release|Any CPU.ActiveCfg = Release|Any CPU
		{C0C580E5-A411-4F98-8D30-6C8049F5A8D4}.Release|Any CPU.Build.0 = Release|Any CPU
		{EE193084-7F0B-45A7-8558-38C17ACCF1C2}.Debug|Any CPU.ActiveCfg = Debug|Any CPU
		{EE193084-7F0B-45A7-8558-38C17ACCF1C2}.Debug|Any CPU.Build.0 = Debug|Any CPU
		{EE193084-7F0B-45A7-8558-38C17ACCF1C2}.Release|Any CPU.ActiveCfg = Release|Any CPU
		{EE193084-7F0B-45A7-8558-38C17ACCF1C2}.Release|Any CPU.Build.0 = Release|Any CPU
		{5EE36FEF-E906-418A-8078-E833E4E6C6BE}.Debug|Any CPU.ActiveCfg = Debug|Any CPU
		{5EE36FEF-E906-418A-8078-E833E4E6C6BE}.Debug|Any CPU.Build.0 = Debug|Any CPU
		{5EE36FEF-E906-418A-8078-E833E4E6C6BE}.Release|Any CPU.ActiveCfg = Release|Any CPU
		{5EE36FEF-E906-418A-8078-E833E4E6C6BE}.Release|Any CPU.Build.0 = Release|Any CPU
		{8FC3AF37-3DD2-4A76-9F23-DE48A98C5E69}.Debug|Any CPU.ActiveCfg = Debug|Any CPU
		{8FC3AF37-3DD2-4A76-9F23-DE48A98C5E69}.Debug|Any CPU.Build.0 = Debug|Any CPU
		{8FC3AF37-3DD2-4A76-9F23-DE48A98C5E69}.Release|Any CPU.ActiveCfg = Release|Any CPU
		{8FC3AF37-3DD2-4A76-9F23-DE48A98C5E69}.Release|Any CPU.Build.0 = Release|Any CPU
		{7F24AC1B-6512-4D40-BD0B-AC05196630D4}.Debug|Any CPU.ActiveCfg = Debug|Any CPU
		{7F24AC1B-6512-4D40-BD0B-AC05196630D4}.Debug|Any CPU.Build.0 = Debug|Any CPU
		{7F24AC1B-6512-4D40-BD0B-AC05196630D4}.Release|Any CPU.ActiveCfg = Release|Any CPU
		{7F24AC1B-6512-4D40-BD0B-AC05196630D4}.Release|Any CPU.Build.0 = Release|Any CPU
		{BE04A420-5664-4A86-B11C-067D9F9FDFBA}.Debug|Any CPU.ActiveCfg = Debug|Any CPU
		{BE04A420-5664-4A86-B11C-067D9F9FDFBA}.Debug|Any CPU.Build.0 = Debug|Any CPU
		{BE04A420-5664-4A86-B11C-067D9F9FDFBA}.Release|Any CPU.ActiveCfg = Release|Any CPU
		{BE04A420-5664-4A86-B11C-067D9F9FDFBA}.Release|Any CPU.Build.0 = Release|Any CPU
		{1039A1C7-CA97-4657-A19E-2CD83F411891}.Debug|Any CPU.ActiveCfg = Debug|Any CPU
		{1039A1C7-CA97-4657-A19E-2CD83F411891}.Debug|Any CPU.Build.0 = Debug|Any CPU
		{1039A1C7-CA97-4657-A19E-2CD83F411891}.Release|Any CPU.ActiveCfg = Release|Any CPU
		{1039A1C7-CA97-4657-A19E-2CD83F411891}.Release|Any CPU.Build.0 = Release|Any CPU
		{59FA63AB-C98A-4E67-8AF1-A96D88DC0AEB}.Debug|Any CPU.ActiveCfg = Debug|Any CPU
		{59FA63AB-C98A-4E67-8AF1-A96D88DC0AEB}.Debug|Any CPU.Build.0 = Debug|Any CPU
		{59FA63AB-C98A-4E67-8AF1-A96D88DC0AEB}.Release|Any CPU.ActiveCfg = Release|Any CPU
		{59FA63AB-C98A-4E67-8AF1-A96D88DC0AEB}.Release|Any CPU.Build.0 = Release|Any CPU
		{DE8DBEB4-D0A1-4D65-B29C-2810BABD2F0B}.Debug|Any CPU.ActiveCfg = Debug|Any CPU
		{DE8DBEB4-D0A1-4D65-B29C-2810BABD2F0B}.Debug|Any CPU.Build.0 = Debug|Any CPU
		{DE8DBEB4-D0A1-4D65-B29C-2810BABD2F0B}.Release|Any CPU.ActiveCfg = Release|Any CPU
		{DE8DBEB4-D0A1-4D65-B29C-2810BABD2F0B}.Release|Any CPU.Build.0 = Release|Any CPU
		{FA7D9ED6-D09F-469D-8E5E-DC53DDA25869}.Debug|Any CPU.ActiveCfg = Debug|Any CPU
		{FA7D9ED6-D09F-469D-8E5E-DC53DDA25869}.Debug|Any CPU.Build.0 = Debug|Any CPU
		{FA7D9ED6-D09F-469D-8E5E-DC53DDA25869}.Release|Any CPU.ActiveCfg = Release|Any CPU
		{FA7D9ED6-D09F-469D-8E5E-DC53DDA25869}.Release|Any CPU.Build.0 = Release|Any CPU
		{BE372A20-E78C-4201-B7A6-709882270AE8}.Debug|Any CPU.ActiveCfg = Debug|Any CPU
		{BE372A20-E78C-4201-B7A6-709882270AE8}.Debug|Any CPU.Build.0 = Debug|Any CPU
		{BE372A20-E78C-4201-B7A6-709882270AE8}.Release|Any CPU.ActiveCfg = Release|Any CPU
		{BE372A20-E78C-4201-B7A6-709882270AE8}.Release|Any CPU.Build.0 = Release|Any CPU
		{8D9FCC23-3EF9-4266-905F-A55CC9C62394}.Debug|Any CPU.ActiveCfg = Debug|Any CPU
		{8D9FCC23-3EF9-4266-905F-A55CC9C62394}.Debug|Any CPU.Build.0 = Debug|Any CPU
		{8D9FCC23-3EF9-4266-905F-A55CC9C62394}.Release|Any CPU.ActiveCfg = Release|Any CPU
		{8D9FCC23-3EF9-4266-905F-A55CC9C62394}.Release|Any CPU.Build.0 = Release|Any CPU
		{D8AFAF22-2FE6-48BB-9E4E-8AE371D38BBB}.Debug|Any CPU.ActiveCfg = Debug|Any CPU
		{D8AFAF22-2FE6-48BB-9E4E-8AE371D38BBB}.Debug|Any CPU.Build.0 = Debug|Any CPU
		{D8AFAF22-2FE6-48BB-9E4E-8AE371D38BBB}.Release|Any CPU.ActiveCfg = Release|Any CPU
		{D8AFAF22-2FE6-48BB-9E4E-8AE371D38BBB}.Release|Any CPU.Build.0 = Release|Any CPU
	EndGlobalSection
	GlobalSection(SolutionProperties) = preSolution
		HideSolutionNode = FALSE
	EndGlobalSection
	GlobalSection(NestedProjects) = preSolution
		{5EE36FEF-E906-418A-8078-E833E4E6C6BE} = {54ECDE04-1744-4069-9443-BDBFB93D4B62}
		{8FC3AF37-3DD2-4A76-9F23-DE48A98C5E69} = {F91A9FE5-014E-430A-9B3C-BC4206B3EBE7}
		{7F24AC1B-6512-4D40-BD0B-AC05196630D4} = {16A1A3C2-C8E9-4CDD-B4DB-D518E4C54D56}
		{2851E57B-A301-49A8-BC5F-819F3FCA3DE3} = {7CF4A6D0-024F-4481-9AFE-47A0A63D0C8B}
		{A9571E2F-FEA9-41C5-A988-CA63B84819D8} = {2851E57B-A301-49A8-BC5F-819F3FCA3DE3}
		{0FA9DF66-01ED-4389-93DE-0451E9E6B319} = {2851E57B-A301-49A8-BC5F-819F3FCA3DE3}
		{FFE57CE1-F9F4-4430-879A-234D73595DFB} = {2851E57B-A301-49A8-BC5F-819F3FCA3DE3}
		{74FA4D79-9E01-491E-ACF7-9ED1021568B5} = {2851E57B-A301-49A8-BC5F-819F3FCA3DE3}
		{BE04A420-5664-4A86-B11C-067D9F9FDFBA} = {A9571E2F-FEA9-41C5-A988-CA63B84819D8}
		{1039A1C7-CA97-4657-A19E-2CD83F411891} = {FFE57CE1-F9F4-4430-879A-234D73595DFB}
		{59FA63AB-C98A-4E67-8AF1-A96D88DC0AEB} = {74FA4D79-9E01-491E-ACF7-9ED1021568B5}
		{DE8DBEB4-D0A1-4D65-B29C-2810BABD2F0B} = {0FA9DF66-01ED-4389-93DE-0451E9E6B319}
		{75789570-B23D-4AEB-BFC4-0A90F46A0F5E} = {7CF4A6D0-024F-4481-9AFE-47A0A63D0C8B}
		{2E15AA63-8E31-4B75-A3C4-88930C0FD412} = {75789570-B23D-4AEB-BFC4-0A90F46A0F5E}
		{819C761C-F0A1-4967-AC0F-CB100D95521C} = {75789570-B23D-4AEB-BFC4-0A90F46A0F5E}
		{194F38C9-D1CD-4DCD-A75D-065F0AF0523F} = {75789570-B23D-4AEB-BFC4-0A90F46A0F5E}
		{054E0A08-9C6D-4915-8206-263B860E73E8} = {75789570-B23D-4AEB-BFC4-0A90F46A0F5E}
		{FA7D9ED6-D09F-469D-8E5E-DC53DDA25869} = {2E15AA63-8E31-4B75-A3C4-88930C0FD412}
		{BE372A20-E78C-4201-B7A6-709882270AE8} = {819C761C-F0A1-4967-AC0F-CB100D95521C}
		{8D9FCC23-3EF9-4266-905F-A55CC9C62394} = {054E0A08-9C6D-4915-8206-263B860E73E8}
		{D8AFAF22-2FE6-48BB-9E4E-8AE371D38BBB} = {194F38C9-D1CD-4DCD-A75D-065F0AF0523F}
	EndGlobalSection
	GlobalSection(ExtensibilityGlobals) = postSolution
		SolutionGuid = {454D95FF-443E-4154-8D46-05F8484BBA07}
	EndGlobalSection
EndGlobal
